
Microsoft Visual Studio Solution File, Format Version 12.00
# Visual Studio Version 17
VisualStudioVersion = 17.7.34031.279
MinimumVisualStudioVersion = 10.0.40219.1
Project("{FAE04EC0-301F-11D3-BF4B-00C04F79EFBC}") = "CSharpCollections", "CSharpCollections\CSharpCollections.csproj", "{1E7D3CDB-74E2-4367-8A89-C9C6F46E2A59}"
EndProject
Global
	GlobalSection(SolutionConfigurationPlatforms) = preSolution
		Debug|Any CPU = Debug|Any CPU
		Release|Any CPU = Release|Any CPU
	EndGlobalSection
	GlobalSection(ProjectConfigurationPlatforms) = postSolution
		{1E7D3CDB-74E2-4367-8A89-C9C6F46E2A59}.Debug|Any CPU.ActiveCfg = Debug|Any CPU
		{1E7D3CDB-74E2-4367-8A89-C9C6F46E2A59}.Debug|Any CPU.Build.0 = Debug|Any CPU
		{1E7D3CDB-74E2-4367-8A89-C9C6F46E2A59}.Release|Any CPU.ActiveCfg = Release|Any CPU
		{1E7D3CDB-74E2-4367-8A89-C9C6F46E2A59}.Release|Any CPU.Build.0 = Release|Any CPU
	EndGlobalSection
	GlobalSection(SolutionProperties) = preSolution
		HideSolutionNode = FALSE
	EndGlobalSection
	GlobalSection(ExtensibilityGlobals) = postSolution
		SolutionGuid = {467B14BD-8468-4BF7-B688-10FBB0FFC6FB}
	EndGlobalSection
EndGlobal
